
Microsoft Visual Studio Solution File, Format Version 12.00
# Visual Studio Version 17
VisualStudioVersion = 17.7.34003.232
MinimumVisualStudioVersion = 10.0.40219.1
Project("{8BC9CEB8-8B4A-11D0-8D11-00A0C91BC942}") = "ArgentApplication", "ArgentApplication.vcxproj", "{E9434475-C25B-48C9-B899-107F74068222}"
	ProjectSection(ProjectDependencies) = postProject
		{31695653-CF86-47B3-9958-1907008EB501} = {31695653-CF86-47B3-9958-1907008EB501}
		{6755F871-61D5-4800-9525-6DADE6685D06} = {6755F871-61D5-4800-9525-6DADE6685D06}
	EndProjectSection
EndProject
Project("{8BC9CEB8-8B4A-11D0-8D11-00A0C91BC942}") = "ArgentGraphicsLibrary", "ArgentGraphicsLibrary\ArgentGraphicsLibrary.vcxproj", "{6755F871-61D5-4800-9525-6DADE6685D06}"
EndProject
Project("{8BC9CEB8-8B4A-11D0-8D11-00A0C91BC942}") = "ArgentPlatformLibrary", "ArgentPlatformLibrary\ArgentPlatformLibrary.vcxproj", "{31695653-CF86-47B3-9958-1907008EB501}"
EndProject
Global
	GlobalSection(SolutionConfigurationPlatforms) = preSolution
		Debug|x64 = Debug|x64
		Debug|x86 = Debug|x86
		Release|x64 = Release|x64
		Release|x86 = Release|x86
	EndGlobalSection
	GlobalSection(ProjectConfigurationPlatforms) = postSolution
		{E9434475-C25B-48C9-B899-107F74068222}.Debug|x64.ActiveCfg = Debug|x64
		{E9434475-C25B-48C9-B899-107F74068222}.Debug|x64.Build.0 = Debug|x64
		{E9434475-C25B-48C9-B899-107F74068222}.Debug|x86.ActiveCfg = Debug|Win32
		{E9434475-C25B-48C9-B899-107F74068222}.Debug|x86.Build.0 = Debug|Win32
		{E9434475-C25B-48C9-B899-107F74068222}.Release|x64.ActiveCfg = Release|x64
		{E9434475-C25B-48C9-B899-107F74068222}.Release|x64.Build.0 = Release|x64
		{E9434475-C25B-48C9-B899-107F74068222}.Release|x86.ActiveCfg = Release|Win32
		{E9434475-C25B-48C9-B899-107F74068222}.Release|x86.Build.0 = Release|Win32
		{6755F871-61D5-4800-9525-6DADE6685D06}.Debug|x64.ActiveCfg = Debug|x64
		{6755F871-61D5-4800-9525-6DADE6685D06}.Debug|x64.Build.0 = Debug|x64
		{6755F871-61D5-4800-9525-6DADE6685D06}.Debug|x86.ActiveCfg = Debug|Win32
		{6755F871-61D5-4800-9525-6DADE6685D06}.Debug|x86.Build.0 = Debug|Win32
		{6755F871-61D5-4800-9525-6DADE6685D06}.Release|x64.ActiveCfg = Release|x64
		{6755F871-61D5-4800-9525-6DADE6685D06}.Release|x64.Build.0 = Release|x64
		{6755F871-61D5-4800-9525-6DADE6685D06}.Release|x86.ActiveCfg = Release|Win32
		{6755F871-61D5-4800-9525-6DADE6685D06}.Release|x86.Build.0 = Release|Win32
		{31695653-CF86-47B3-9958-1907008EB501}.Debug|x64.ActiveCfg = Debug|x64
		{31695653-CF86-47B3-9958-1907008EB501}.Debug|x64.Build.0 = Debug|x64
		{31695653-CF86-47B3-9958-1907008EB501}.Debug|x86.ActiveCfg = Debug|Win32
		{31695653-CF86-47B3-9958-1907008EB501}.Debug|x86.Build.0 = Debug|Win32
		{31695653-CF86-47B3-9958-1907008EB501}.Release|x64.ActiveCfg = Release|x64
		{31695653-CF86-47B3-9958-1907008EB501}.Release|x64.Build.0 = Release|x64
		{31695653-CF86-47B3-9958-1907008EB501}.Release|x86.ActiveCfg = Release|Win32
		{31695653-CF86-47B3-9958-1907008EB501}.Release|x86.Build.0 = Release|Win32
	EndGlobalSection
	GlobalSection(SolutionProperties) = preSolution
		HideSolutionNode = FALSE
	EndGlobalSection
	GlobalSection(ExtensibilityGlobals) = postSolution
		SolutionGuid = {BE44EDD8-A1FA-4957-828A-4578B63F0CC9}
	EndGlobalSection
EndGlobal
