<?xml version="1.0" encoding="utf-8"?>
<Project ToolsVersion="4.0" xmlns="http://schemas.microsoft.com/developer/msbuild/2003">
  <ItemGroup>
    <Filter Include="Common">
      <UniqueIdentifier>{8eff4d07-806a-4e27-bfc8-3533bb6fae8f}</UniqueIdentifier>
    </Filter>
  </ItemGroup>
  <ItemGroup>
    <ClCompile Include="Source\Transform.cpp">
      <Filter>Common</Filter>
    </ClCompile>
    <ClCompile Include="Source\Component.cpp" />
  </ItemGroup>
  <ItemGroup>
    <ClInclude Include="Inc\Transform.h">
      <Filter>Common</Filter>
    </ClInclude>
    <ClInclude Include="Inc\Component.h" />
  </ItemGroup>
</Project>