<?xml version="1.0" encoding="utf-8"?>
<Project ToolsVersion="4.0" xmlns="http://schemas.microsoft.com/developer/msbuild/2003">
  <ItemGroup>
    <ClInclude Include="Inc\ArgentGraphicsLibrary.h" />
    <ClInclude Include="Inc\DxgiFactory.h">
      <Filter>DXGI</Filter>
    </ClInclude>
    <ClInclude Include="Inc\SwapChain.h">
      <Filter>DXGI</Filter>
    </ClInclude>
    <ClInclude Include="Inc\GraphicsDevice.h">
      <Filter>Direct3D12</Filter>
    </ClInclude>
    <ClInclude Include="Inc\CommandQueue.h">
      <Filter>Direct3D12</Filter>
    </ClInclude>
    <ClInclude Include="Inc\GraphicsCommandList.h">
      <Filter>Direct3D12</Filter>
    </ClInclude>
    <ClInclude Include="Inc\DescriptorHeap.h">
      <Filter>Direct3D12</Filter>
    </ClInclude>
    <ClInclude Include="Inc\GraphicsCommon.h" />
    <ClInclude Include="Inc\FrameResource.h">
      <Filter>Direct3D12</Filter>
    </ClInclude>
    <ClInclude Include="Inc\ShaderCompiler.h">
      <Filter>Shader</Filter>
    </ClInclude>
    <ClInclude Include="Inc\RootSignature.h">
      <Filter>Direct3D12</Filter>
    </ClInclude>
    <ClInclude Include="Inc\Raytracer.h" />
    <ClInclude Include="Inc\RasterRenderer.h" />
    <ClInclude Include="RaytracingPipelineGenerator.h">
      <Filter>External</Filter>
    </ClInclude>
    <ClInclude Include="ShaderBindingTableGenerator.h">
      <Filter>External</Filter>
    </ClInclude>
    <ClInclude Include="BottomLevelASGenerator.h">
      <Filter>External</Filter>
    </ClInclude>
    <ClInclude Include="RootSignatureGenerator.h">
      <Filter>External</Filter>
    </ClInclude>
    <ClInclude Include="TopLevelASGenerator.h">
      <Filter>External</Filter>
    </ClInclude>
    <ClInclude Include="Inc\ConstantBuffer.h">
      <Filter>Direct3D12</Filter>
    </ClInclude>
    <ClInclude Include="External\Imgui\imconfig.h">
      <Filter>External\Imgui</Filter>
    </ClInclude>
    <ClInclude Include="External\Imgui\imgui.h">
      <Filter>External\Imgui</Filter>
    </ClInclude>
    <ClInclude Include="External\Imgui\imgui_internal.h">
      <Filter>External\Imgui</Filter>
    </ClInclude>
    <ClInclude Include="External\Imgui\imstb_rectpack.h">
      <Filter>External\Imgui</Filter>
    </ClInclude>
    <ClInclude Include="External\Imgui\imstb_textedit.h">
      <Filter>External\Imgui</Filter>
    </ClInclude>
    <ClInclude Include="External\Imgui\imstb_truetype.h">
      <Filter>External\Imgui</Filter>
    </ClInclude>
    <ClInclude Include="External\Imgui\imgui_impl_dx12.h">
      <Filter>External\Imgui</Filter>
    </ClInclude>
    <ClInclude Include="External\Imgui\imgui_impl_win32.h">
      <Filter>External\Imgui</Filter>
    </ClInclude>
    <ClInclude Include="Inc\Platform.h">
      <Filter>Platform</Filter>
    </ClInclude>
    <ClInclude Include="Inc\ImGuiWrapper.h" />
  </ItemGroup>
  <ItemGroup>
    <ClCompile Include="Source\ArgentGraphicsLibrary.cpp" />
    <ClCompile Include="Source\DxgiFactory.cpp">
      <Filter>DXGI</Filter>
    </ClCompile>
    <ClCompile Include="Source\SwapChain.cpp">
      <Filter>DXGI</Filter>
    </ClCompile>
    <ClCompile Include="Source\GraphicsDevice.cpp">
      <Filter>Direct3D12</Filter>
    </ClCompile>
    <ClCompile Include="Source\CommandQueue.cpp">
      <Filter>Direct3D12</Filter>
    </ClCompile>
    <ClCompile Include="Source\GraphicsCommandList.cpp">
      <Filter>Direct3D12</Filter>
    </ClCompile>
    <ClCompile Include="Source\DescriptorHeap.cpp">
      <Filter>Direct3D12</Filter>
    </ClCompile>
    <ClCompile Include="Source\FrameResource.cpp">
      <Filter>Direct3D12</Filter>
    </ClCompile>
    <ClCompile Include="Source\ShaderCompiler.cpp">
      <Filter>Shader</Filter>
    </ClCompile>
    <ClCompile Include="Source\RootSignature.cpp">
      <Filter>Direct3D12</Filter>
    </ClCompile>
    <ClCompile Include="Source\Raytracer.cpp" />
    <ClCompile Include="Source\RasterRenderer.cpp" />
    <ClCompile Include="RaytracingPipelineGenerator.cpp">
      <Filter>External</Filter>
    </ClCompile>
    <ClCompile Include="ShaderBindingTableGenerator.cpp">
      <Filter>External</Filter>
    </ClCompile>
    <ClCompile Include="BottomLevelASGenerator.cpp">
      <Filter>External</Filter>
    </ClCompile>
    <ClCompile Include="RootSignatureGenerator.cpp">
      <Filter>External</Filter>
    </ClCompile>
    <ClCompile Include="TopLevelASGenerator.cpp">
      <Filter>External</Filter>
    </ClCompile>
    <ClCompile Include="External\Imgui\imgui.cpp">
      <Filter>External\Imgui</Filter>
    </ClCompile>
    <ClCompile Include="External\Imgui\imgui_draw.cpp">
      <Filter>External\Imgui</Filter>
    </ClCompile>
    <ClCompile Include="External\Imgui\imgui_tables.cpp">
      <Filter>External\Imgui</Filter>
    </ClCompile>
    <ClCompile Include="External\Imgui\imgui_widgets.cpp">
      <Filter>External\Imgui</Filter>
    </ClCompile>
    <ClCompile Include="External\Imgui\imgui_impl_dx12.cpp">
      <Filter>External\Imgui</Filter>
    </ClCompile>
    <ClCompile Include="External\Imgui\imgui_impl_win32.cpp">
      <Filter>External\Imgui</Filter>
    </ClCompile>
    <ClCompile Include="Source\Platform.cpp">
      <Filter>Platform</Filter>
    </ClCompile>
    <ClCompile Include="Source\ImGuiWrapper.cpp" />
  </ItemGroup>
  <ItemGroup>
    <Filter Include="Direct3D12">
      <UniqueIdentifier>{b5fdfe99-dcd1-4ec2-920f-28aa9100690c}</UniqueIdentifier>
    </Filter>
    <Filter Include="DXGI">
      <UniqueIdentifier>{44b19db6-7e93-42ce-9d6e-1f1c65b645ca}</UniqueIdentifier>
    </Filter>
    <Filter Include="Shader">
      <UniqueIdentifier>{7d22f3f5-6b9a-4609-8760-6ab5b33c9275}</UniqueIdentifier>
    </Filter>
    <Filter Include="External">
      <UniqueIdentifier>{caeb2f6a-7793-4ced-8f16-5aadc96f97c0}</UniqueIdentifier>
    </Filter>
    <Filter Include="External\Imgui">
      <UniqueIdentifier>{ba489122-1b31-403c-962c-d6c0dce9861b}</UniqueIdentifier>
    </Filter>
    <Filter Include="Platform">
      <UniqueIdentifier>{4a1bef5c-8ac2-4526-87e3-7a3ca06f6dbe}</UniqueIdentifier>
    </Filter>
  </ItemGroup>
</Project>