<?xml version="1.0" encoding="utf-8"?>
<Project ToolsVersion="4.0" xmlns="http://schemas.microsoft.com/developer/msbuild/2003">
  <ItemGroup>
    <Filter Include="External">
      <UniqueIdentifier>{81f2de6b-63ff-41d4-93ce-6eb49683b8b9}</UniqueIdentifier>
    </Filter>
    <Filter Include="Library">
      <UniqueIdentifier>{a763b9bf-b6c8-4dbf-8377-acbae67374c4}</UniqueIdentifier>
    </Filter>
    <Filter Include="Library\Component">
      <UniqueIdentifier>{c58d17a1-d343-4893-9d63-6f106a9d32ea}</UniqueIdentifier>
    </Filter>
    <Filter Include="Library\Component\Common">
      <UniqueIdentifier>{32a4f8c3-605a-401a-b6a8-4d259c17b5f5}</UniqueIdentifier>
    </Filter>
    <Filter Include="Library\Component\Renderer">
      <UniqueIdentifier>{66621864-65e8-4234-b7cf-71c21b4427a5}</UniqueIdentifier>
    </Filter>
    <Filter Include="Library\Component\Collision">
      <UniqueIdentifier>{ee443f48-8729-4d1d-9d30-711483b15b6f}</UniqueIdentifier>
    </Filter>
    <Filter Include="External\ImGui">
      <UniqueIdentifier>{93825e4b-7620-461e-bf9a-327911882488}</UniqueIdentifier>
    </Filter>
    <Filter Include="Library\Core">
      <UniqueIdentifier>{c9f5e74c-1578-4794-8f84-f7883d953eb1}</UniqueIdentifier>
    </Filter>
    <Filter Include="Library\Subsystem">
      <UniqueIdentifier>{f4a25727-5fc8-4c48-b089-d453a8905c5d}</UniqueIdentifier>
    </Filter>
    <Filter Include="Library\Subsystem\Graphics">
      <UniqueIdentifier>{561c9b26-47a1-41b0-bb73-a07c0d56e43a}</UniqueIdentifier>
    </Filter>
    <Filter Include="Library\Subsystem\Graphics\API">
      <UniqueIdentifier>{22c4cd6a-da11-4763-a1ae-0c197a315f8a}</UniqueIdentifier>
    </Filter>
    <Filter Include="Library\Subsystem\Graphics\API\D3D12">
      <UniqueIdentifier>{a248745a-4dc7-468b-b7b1-893d063b1376}</UniqueIdentifier>
    </Filter>
    <Filter Include="Library\Subsystem\Graphics\API\DXGI">
      <UniqueIdentifier>{c1b8241c-c63b-4c51-95c8-6e8fc2989bd9}</UniqueIdentifier>
    </Filter>
    <Filter Include="Library\Subsystem\Graphics\Common">
      <UniqueIdentifier>{fc9ec728-8efb-4d6c-bcc3-fbafcba40775}</UniqueIdentifier>
    </Filter>
    <Filter Include="Library\Subsystem\Graphics\Loader">
      <UniqueIdentifier>{8208ef7c-b85e-4e2e-8e69-77bf3eba04e3}</UniqueIdentifier>
    </Filter>
    <Filter Include="Library\Subsystem\Graphics\Renderer">
      <UniqueIdentifier>{c95d6677-937f-4023-8bfe-d0dbdaae28ec}</UniqueIdentifier>
    </Filter>
    <Filter Include="Library\Subsystem\Graphics\Wrapper">
      <UniqueIdentifier>{ffdb9e55-c631-45dd-971e-3812f2bc2248}</UniqueIdentifier>
    </Filter>
    <Filter Include="Library\Subsystem\Input">
      <UniqueIdentifier>{c727b616-ce3e-47dc-9b3e-9ebe85be9187}</UniqueIdentifier>
    </Filter>
    <Filter Include="Library\Subsystem\Timer">
      <UniqueIdentifier>{eb1685bb-0226-4b64-b4af-c0b41c765ebf}</UniqueIdentifier>
    </Filter>
    <Filter Include="Library\Subsystem\Audio">
      <UniqueIdentifier>{0ad515b4-cd26-472f-8441-c3378b4251fb}</UniqueIdentifier>
    </Filter>
    <Filter Include="Library\Subsystem\Platform">
      <UniqueIdentifier>{17359f67-0ba6-4e03-9fb9-7a7d8e74a1fc}</UniqueIdentifier>
    </Filter>
    <Filter Include="Library\Subsystem\Graphics\Resource">
      <UniqueIdentifier>{839cc265-454d-4c89-856e-3a94630c2b11}</UniqueIdentifier>
    </Filter>
    <Filter Include="Library\Subsystem\Scene">
      <UniqueIdentifier>{f5c9cc1f-6834-4b94-9d3b-d580ec4ef0a6}</UniqueIdentifier>
    </Filter>
    <Filter Include="Library\Subsystem\Graphics\Wrapper\DXR">
      <UniqueIdentifier>{3689e013-f57c-4528-9623-6c2e705444cd}</UniqueIdentifier>
    </Filter>
    <Filter Include="Library\Subsystem\ResourceManager">
      <UniqueIdentifier>{9f32c3a8-e221-4299-bfd8-46c5126e3f05}</UniqueIdentifier>
    </Filter>
  </ItemGroup>
  <ItemGroup>
    <ClInclude Include="External\Imgui\imconfig.h">
      <Filter>External\ImGui</Filter>
    </ClInclude>
    <ClInclude Include="External\Imgui\imgui.h">
      <Filter>External\ImGui</Filter>
    </ClInclude>
    <ClInclude Include="External\Imgui\imgui_impl_dx12.h">
      <Filter>External\ImGui</Filter>
    </ClInclude>
    <ClInclude Include="External\Imgui\imgui_impl_win32.h">
      <Filter>External\ImGui</Filter>
    </ClInclude>
    <ClInclude Include="External\Imgui\imgui_internal.h">
      <Filter>External\ImGui</Filter>
    </ClInclude>
    <ClInclude Include="External\Imgui\imstb_rectpack.h">
      <Filter>External\ImGui</Filter>
    </ClInclude>
    <ClInclude Include="External\Imgui\imstb_textedit.h">
      <Filter>External\ImGui</Filter>
    </ClInclude>
    <ClInclude Include="External\Imgui\imstb_truetype.h">
      <Filter>External\ImGui</Filter>
    </ClInclude>
    <ClInclude Include="Inc\ArgentLibrary.h" />
    <ClInclude Include="Inc\Core\Engine.h">
      <Filter>Library\Core</Filter>
    </ClInclude>
    <ClInclude Include="Inc\Core\SubsystemLocator.h">
      <Filter>Library\Core</Filter>
    </ClInclude>
    <ClInclude Include="Inc\Subsystem\Subsystem.h">
      <Filter>Library\Subsystem</Filter>
    </ClInclude>
    <ClInclude Include="Inc\Subsystem\Graphics\API\D3D12\BottomLevelAccelerationStructure.h">
      <Filter>Library\Subsystem\Graphics\API\D3D12</Filter>
    </ClInclude>
    <ClInclude Include="Inc\Subsystem\Graphics\API\D3D12\CommandQueue.h">
      <Filter>Library\Subsystem\Graphics\API\D3D12</Filter>
    </ClInclude>
    <ClInclude Include="Inc\Subsystem\Graphics\API\D3D12\ConstantBuffer.h">
      <Filter>Library\Subsystem\Graphics\API\D3D12</Filter>
    </ClInclude>
    <ClInclude Include="Inc\Subsystem\Graphics\API\D3D12\D3D12Common.h">
      <Filter>Library\Subsystem\Graphics\API\D3D12</Filter>
    </ClInclude>
    <ClInclude Include="Inc\Subsystem\Graphics\API\D3D12\DescriptorHeap.h">
      <Filter>Library\Subsystem\Graphics\API\D3D12</Filter>
    </ClInclude>
    <ClInclude Include="Inc\Subsystem\Graphics\API\D3D12\GraphicsCommandList.h">
      <Filter>Library\Subsystem\Graphics\API\D3D12</Filter>
    </ClInclude>
    <ClInclude Include="Inc\Subsystem\Graphics\API\D3D12\GraphicsDevice.h">
      <Filter>Library\Subsystem\Graphics\API\D3D12</Filter>
    </ClInclude>
    <ClInclude Include="Inc\Subsystem\Graphics\API\D3D12\IndexBuffer.h">
      <Filter>Library\Subsystem\Graphics\API\D3D12</Filter>
    </ClInclude>
    <ClInclude Include="Inc\Subsystem\Graphics\API\D3D12\RaytracingPipelineState.h">
      <Filter>Library\Subsystem\Graphics\API\D3D12</Filter>
    </ClInclude>
    <ClInclude Include="Inc\Subsystem\Graphics\API\D3D12\RootSignature.h">
      <Filter>Library\Subsystem\Graphics\API\D3D12</Filter>
    </ClInclude>
    <ClInclude Include="Inc\Subsystem\Graphics\API\D3D12\ShaderBindingTable.h">
      <Filter>Library\Subsystem\Graphics\API\D3D12</Filter>
    </ClInclude>
    <ClInclude Include="Inc\Subsystem\Graphics\API\D3D12\TopLevelAccelerationStructure.h">
      <Filter>Library\Subsystem\Graphics\API\D3D12</Filter>
    </ClInclude>
    <ClInclude Include="Inc\Subsystem\Graphics\API\D3D12\VertexBuffer.h">
      <Filter>Library\Subsystem\Graphics\API\D3D12</Filter>
    </ClInclude>
    <ClInclude Include="Inc\Subsystem\Graphics\API\DXGI\DxgiFactory.h">
      <Filter>Library\Subsystem\Graphics\API\DXGI</Filter>
    </ClInclude>
    <ClInclude Include="Inc\Subsystem\Graphics\API\DXGI\SwapChain.h">
      <Filter>Library\Subsystem\Graphics\API\DXGI</Filter>
    </ClInclude>
    <ClInclude Include="Inc\Subsystem\Graphics\Common\GraphicsCommon.h">
      <Filter>Library\Subsystem\Graphics\Common</Filter>
    </ClInclude>
    <ClInclude Include="Inc\Subsystem\Graphics\Common\GraphicsContext.h">
      <Filter>Library\Subsystem\Graphics\Common</Filter>
    </ClInclude>
    <ClInclude Include="Inc\Subsystem\Graphics\Common\RenderContext.h">
      <Filter>Library\Subsystem\Graphics\Common</Filter>
    </ClInclude>
    <ClInclude Include="Inc\Subsystem\Input\GamePad.h">
      <Filter>Library\Subsystem\Input</Filter>
    </ClInclude>
    <ClInclude Include="Inc\Subsystem\Input\InputManager.h">
      <Filter>Library\Subsystem\Input</Filter>
    </ClInclude>
    <ClInclude Include="Inc\Subsystem\Input\Keyboard.h">
      <Filter>Library\Subsystem\Input</Filter>
    </ClInclude>
    <ClInclude Include="Inc\Subsystem\Input\Mouse.h">
      <Filter>Library\Subsystem\Input</Filter>
    </ClInclude>
    <ClInclude Include="Inc\Subsystem\Platform\Platform.h">
      <Filter>Library\Subsystem\Platform</Filter>
    </ClInclude>
    <ClInclude Include="Inc\Subsystem\Timer\Timer.h">
      <Filter>Library\Subsystem\Timer</Filter>
    </ClInclude>
    <ClInclude Include="Inc\Subsystem\Graphics\Resource\GameResource.h">
      <Filter>Library\Subsystem\Graphics\Resource</Filter>
    </ClInclude>
    <ClInclude Include="Inc\Subsystem\Graphics\Resource\Material.h">
      <Filter>Library\Subsystem\Graphics\Resource</Filter>
    </ClInclude>
    <ClInclude Include="Inc\Subsystem\Graphics\Resource\Mesh.h">
      <Filter>Library\Subsystem\Graphics\Resource</Filter>
    </ClInclude>
    <ClInclude Include="Inc\Subsystem\Graphics\Resource\Model.h">
      <Filter>Library\Subsystem\Graphics\Resource</Filter>
    </ClInclude>
    <ClInclude Include="Inc\Subsystem\Graphics\Resource\StandardMaterial.h">
      <Filter>Library\Subsystem\Graphics\Resource</Filter>
    </ClInclude>
    <ClInclude Include="Inc\Subsystem\Graphics\Resource\Texture.h">
      <Filter>Library\Subsystem\Graphics\Resource</Filter>
    </ClInclude>
    <ClInclude Include="Inc\Subsystem\Graphics\Loader\FbxLoader.h">
      <Filter>Library\Subsystem\Graphics\Loader</Filter>
    </ClInclude>
    <ClInclude Include="Inc\Subsystem\Graphics\Wrapper\FrameResource.h">
      <Filter>Library\Subsystem\Graphics\Wrapper</Filter>
    </ClInclude>
    <ClInclude Include="Inc\Subsystem\Graphics\Wrapper\ImGuiWrapper.h">
      <Filter>Library\Subsystem\Graphics\Wrapper</Filter>
    </ClInclude>
    <ClInclude Include="Inc\Subsystem\Graphics\Wrapper\ShaderCompiler.h">
      <Filter>Library\Subsystem\Graphics\Wrapper</Filter>
    </ClInclude>
    <ClInclude Include="Inc\Subsystem\Graphics\Renderer\StaticMeshRenderer.h">
      <Filter>Library\Subsystem\Graphics\Renderer</Filter>
    </ClInclude>
    <ClInclude Include="Inc\Subsystem\Graphics\GraphicsLibrary.h">
      <Filter>Library\Subsystem\Graphics</Filter>
    </ClInclude>
    <ClInclude Include="Inc\Subsystem\Graphics\RasterRenderer.h">
      <Filter>Library\Subsystem\Graphics</Filter>
    </ClInclude>
    <ClInclude Include="Inc\Subsystem\Graphics\Raytracer.h">
      <Filter>Library\Subsystem\Graphics</Filter>
    </ClInclude>
    <ClInclude Include="Inc\Subsystem\Scene\SceneManager.h">
      <Filter>Library\Subsystem\Scene</Filter>
    </ClInclude>
    <ClInclude Include="Inc\Subsystem\Scene\BaseScene.h">
      <Filter>Library\Subsystem\Scene</Filter>
    </ClInclude>
    <ClInclude Include="Inc\Component\Camera.h">
      <Filter>Library\Component</Filter>
    </ClInclude>
    <ClInclude Include="Inc\Component\Component.h">
      <Filter>Library\Component</Filter>
    </ClInclude>
    <ClInclude Include="Inc\Component\Light.h">
      <Filter>Library\Component</Filter>
    </ClInclude>
    <ClInclude Include="Inc\Component\Transform.h">
      <Filter>Library\Component</Filter>
    </ClInclude>
    <ClInclude Include="Inc\Subsystem\Graphics\Wrapper\DXR\ShaderLibraryManager.h">
      <Filter>Library\Subsystem\Graphics\Wrapper\DXR</Filter>
    </ClInclude>
    <ClInclude Include="Inc\Subsystem\Graphics\Wrapper\DXR\AccelerationStructureManager.h">
      <Filter>Library\Subsystem\Graphics\Wrapper\DXR</Filter>
    </ClInclude>
    <ClInclude Include="Inc\Subsystem\Graphics\Wrapper\DXR\ShaderLibrary.h">
      <Filter>Library\Subsystem\Graphics\Wrapper\DXR</Filter>
    </ClInclude>
    <ClInclude Include="Inc\Subsystem\Graphics\RenderingManager.h">
      <Filter>Library\Subsystem\Graphics</Filter>
    </ClInclude>
    <ClInclude Include="Inc\Subsystem\Graphics\API\D3D12\GraphicsPipelineState.h">
      <Filter>Library\Subsystem\Graphics\API\D3D12</Filter>
    </ClInclude>
    <ClInclude Include="Inc\Subsystem\Graphics\Resource\Shader.h">
      <Filter>Library\Subsystem\Graphics\Resource</Filter>
    </ClInclude>
    <ClInclude Include="Inc\Subsystem\Graphics\Renderer\SpriteRenderer.h">
      <Filter>Library\Subsystem\Graphics\Renderer</Filter>
    </ClInclude>
    <ClInclude Include="Inc\Subsystem\Graphics\Resource\Sprite.h" />
    <ClInclude Include="Inc\GameObject\GameObject.h" />
    <ClInclude Include="Inc\Subsystem\ResourceManager\ResourceManager.h" />
  </ItemGroup>
  <ItemGroup>
    <ClCompile Include="External\Imgui\imgui.cpp">
      <Filter>External\ImGui</Filter>
    </ClCompile>
    <ClCompile Include="External\Imgui\imgui_draw.cpp">
      <Filter>External\ImGui</Filter>
    </ClCompile>
    <ClCompile Include="External\Imgui\imgui_impl_dx12.cpp">
      <Filter>External\ImGui</Filter>
    </ClCompile>
    <ClCompile Include="External\Imgui\imgui_impl_win32.cpp">
      <Filter>External\ImGui</Filter>
    </ClCompile>
    <ClCompile Include="External\Imgui\imgui_tables.cpp">
      <Filter>External\ImGui</Filter>
    </ClCompile>
    <ClCompile Include="External\Imgui\imgui_widgets.cpp">
      <Filter>External\ImGui</Filter>
    </ClCompile>
    <ClCompile Include="Source\ArgentLibrary.cpp" />
    <ClCompile Include="Source\Core\Engine.cpp">
      <Filter>Library\Core</Filter>
    </ClCompile>
    <ClCompile Include="Source\Core\SubsystemLocator.cpp">
      <Filter>Library\Core</Filter>
    </ClCompile>
    <ClCompile Include="Source\Subsystem\Graphics\API\D3D12\BottomLevelAccelerationStructure.cpp">
      <Filter>Library\Subsystem\Graphics\API\D3D12</Filter>
    </ClCompile>
    <ClCompile Include="Source\Subsystem\Graphics\API\D3D12\CommandQueue.cpp">
      <Filter>Library\Subsystem\Graphics\API\D3D12</Filter>
    </ClCompile>
    <ClCompile Include="Source\Subsystem\Graphics\API\D3D12\ConstantBuffer.cpp">
      <Filter>Library\Subsystem\Graphics\API\D3D12</Filter>
    </ClCompile>
    <ClCompile Include="Source\Subsystem\Graphics\API\D3D12\DescriptorHeap.cpp">
      <Filter>Library\Subsystem\Graphics\API\D3D12</Filter>
    </ClCompile>
    <ClCompile Include="Source\Subsystem\Graphics\API\D3D12\GraphicsCommandList.cpp">
      <Filter>Library\Subsystem\Graphics\API\D3D12</Filter>
    </ClCompile>
    <ClCompile Include="Source\Subsystem\Graphics\API\D3D12\GraphicsDevice.cpp">
      <Filter>Library\Subsystem\Graphics\API\D3D12</Filter>
    </ClCompile>
    <ClCompile Include="Source\Subsystem\Graphics\API\D3D12\IndexBuffer.cpp">
      <Filter>Library\Subsystem\Graphics\API\D3D12</Filter>
    </ClCompile>
    <ClCompile Include="Source\Subsystem\Graphics\API\D3D12\RaytracingPipelineState.cpp">
      <Filter>Library\Subsystem\Graphics\API\D3D12</Filter>
    </ClCompile>
    <ClCompile Include="Source\Subsystem\Graphics\API\D3D12\RootSignature.cpp">
      <Filter>Library\Subsystem\Graphics\API\D3D12</Filter>
    </ClCompile>
    <ClCompile Include="Source\Subsystem\Graphics\API\D3D12\ShaderBindingTable.cpp">
      <Filter>Library\Subsystem\Graphics\API\D3D12</Filter>
    </ClCompile>
    <ClCompile Include="Source\Subsystem\Graphics\API\D3D12\TopLevelAccelerationStructure.cpp">
      <Filter>Library\Subsystem\Graphics\API\D3D12</Filter>
    </ClCompile>
    <ClCompile Include="Source\Subsystem\Graphics\API\D3D12\VertexBuffer.cpp">
      <Filter>Library\Subsystem\Graphics\API\D3D12</Filter>
    </ClCompile>
    <ClCompile Include="Source\Subsystem\Graphics\API\DXGI\DxgiFactory.cpp">
      <Filter>Library\Subsystem\Graphics\API\DXGI</Filter>
    </ClCompile>
    <ClCompile Include="Source\Subsystem\Graphics\API\DXGI\SwapChain.cpp">
      <Filter>Library\Subsystem\Graphics\API\DXGI</Filter>
    </ClCompile>
    <ClCompile Include="Source\Subsystem\Input\GamePad.cpp">
      <Filter>Library\Subsystem\Input</Filter>
    </ClCompile>
    <ClCompile Include="Source\Subsystem\Input\InputManager.cpp">
      <Filter>Library\Subsystem\Input</Filter>
    </ClCompile>
    <ClCompile Include="Source\Subsystem\Input\Keyboard.cpp">
      <Filter>Library\Subsystem\Input</Filter>
    </ClCompile>
    <ClCompile Include="Source\Subsystem\Input\Mouse.cpp">
      <Filter>Library\Subsystem\Input</Filter>
    </ClCompile>
    <ClCompile Include="Source\Subsystem\Platform\Platform.cpp">
      <Filter>Library\Subsystem\Platform</Filter>
    </ClCompile>
    <ClCompile Include="Source\Subsystem\Timer\Timer.cpp">
      <Filter>Library\Subsystem\Timer</Filter>
    </ClCompile>
    <ClCompile Include="Source\Subsystem\Graphics\Resource\GameResource.cpp">
      <Filter>Library\Subsystem\Graphics\Resource</Filter>
    </ClCompile>
    <ClCompile Include="Source\Subsystem\Graphics\Resource\Material.cpp">
      <Filter>Library\Subsystem\Graphics\Resource</Filter>
    </ClCompile>
    <ClCompile Include="Source\Subsystem\Graphics\Resource\Mesh.cpp">
      <Filter>Library\Subsystem\Graphics\Resource</Filter>
    </ClCompile>
    <ClCompile Include="Source\Subsystem\Graphics\Resource\Model.cpp">
      <Filter>Library\Subsystem\Graphics\Resource</Filter>
    </ClCompile>
    <ClCompile Include="Source\Subsystem\Graphics\Resource\StandardMaterial.cpp">
      <Filter>Library\Subsystem\Graphics\Resource</Filter>
    </ClCompile>
    <ClCompile Include="Source\Subsystem\Graphics\Resource\Texture.cpp">
      <Filter>Library\Subsystem\Graphics\Resource</Filter>
    </ClCompile>
    <ClCompile Include="Source\Subsystem\Graphics\Loader\FbxLoader.cpp">
      <Filter>Library\Subsystem\Graphics\Loader</Filter>
    </ClCompile>
    <ClCompile Include="Source\Subsystem\Graphics\Wrapper\FrameResource.cpp">
      <Filter>Library\Subsystem\Graphics\Wrapper</Filter>
    </ClCompile>
    <ClCompile Include="Source\Subsystem\Graphics\Wrapper\ImGuiWrapper.cpp">
      <Filter>Library\Subsystem\Graphics\Wrapper</Filter>
    </ClCompile>
    <ClCompile Include="Source\Subsystem\Graphics\Wrapper\ShaderCompiler.cpp">
      <Filter>Library\Subsystem\Graphics\Wrapper</Filter>
    </ClCompile>
    <ClCompile Include="Source\Subsystem\Graphics\Renderer\StaticMeshRenderer.cpp">
      <Filter>Library\Subsystem\Graphics\Renderer</Filter>
    </ClCompile>
    <ClCompile Include="Source\Subsystem\Graphics\GraphicsLibrary.cpp">
      <Filter>Library\Subsystem\Graphics</Filter>
    </ClCompile>
    <ClCompile Include="Source\Subsystem\Graphics\RasterRenderer.cpp">
      <Filter>Library\Subsystem\Graphics</Filter>
    </ClCompile>
    <ClCompile Include="Source\Subsystem\Graphics\Raytracer.cpp">
      <Filter>Library\Subsystem\Graphics</Filter>
    </ClCompile>
    <ClCompile Include="Source\Subsystem\Scene\SceneManager.cpp">
      <Filter>Library\Subsystem\Scene</Filter>
    </ClCompile>
    <ClCompile Include="Source\Subsystem\Scene\BaseScene.cpp">
      <Filter>Library\Subsystem\Scene</Filter>
    </ClCompile>
    <ClCompile Include="Source\Component\Camera.cpp">
      <Filter>Library\Component</Filter>
    </ClCompile>
    <ClCompile Include="Source\Component\Component.cpp">
      <Filter>Library\Component</Filter>
    </ClCompile>
    <ClCompile Include="Source\Component\Light.cpp">
      <Filter>Library\Component</Filter>
    </ClCompile>
    <ClCompile Include="Source\Component\Transform.cpp">
      <Filter>Library\Component</Filter>
    </ClCompile>
    <ClCompile Include="Source\Subsystem\Graphics\Wrapper\DXR\ShaderLibraryManager.cpp">
      <Filter>Library\Subsystem\Graphics\Wrapper\DXR</Filter>
    </ClCompile>
    <ClCompile Include="Source\Subsystem\Graphics\Wrapper\DXR\AccelerationStructureManager.cpp">
      <Filter>Library\Subsystem\Graphics\Wrapper\DXR</Filter>
    </ClCompile>
    <ClCompile Include="Source\Subsystem\Graphics\Wrapper\DXR\ShaderLibrary.cpp">
      <Filter>Library\Subsystem\Graphics\Wrapper\DXR</Filter>
    </ClCompile>
    <ClCompile Include="Source\Subsystem\Graphics\RenderingManager.cpp">
      <Filter>Library\Subsystem\Graphics</Filter>
    </ClCompile>
    <ClCompile Include="Source\Subsystem\Graphics\API\D3D12\GraphicsPipelineState.cpp">
      <Filter>Library\Subsystem\Graphics\API\D3D12</Filter>
    </ClCompile>
    <ClCompile Include="Source\Subsystem\Graphics\Resource\Shader.cpp">
      <Filter>Library\Subsystem\Graphics\Resource</Filter>
    </ClCompile>
    <ClCompile Include="Source\Subsystem\Graphics\Renderer\SpriteRenderer.cpp">
      <Filter>Library\Subsystem\Graphics\Renderer</Filter>
    </ClCompile>
    <ClCompile Include="Source\Subsystem\Graphics\Resource\Sprite.cpp" />
    <ClCompile Include="Source\GameObject\GameObject.cpp" />
    <ClCompile Include="Source\Subsystem\ResourceManager\ResourceManager.cpp" />
  </ItemGroup>
</Project>